
Microsoft Visual Studio Solution File, Format Version 12.00
# Visual Studio Version 17
VisualStudioVersion = 17.12.35707.178
MinimumVisualStudioVersion = 10.0.40219.1
Project("{FAE04EC0-301F-11D3-BF4B-00C04F79EFBC}") = "Accelerator.Core", "Accelerator.Core\Accelerator.Core.csproj", "{3626D8C9-E31E-4927-B8E3-5AA522F43DBB}"
EndProject
Project("{FAE04EC0-301F-11D3-BF4B-00C04F79EFBC}") = "Accelerator.Functions", "Accelerator.Functions\Accelerator.Functions.csproj", "{DC8F633F-4AE8-4517-A340-40610DF8D6AF}"
EndProject
Global
	GlobalSection(SolutionConfigurationPlatforms) = preSolution
		Debug|Any CPU = Debug|Any CPU
		Release|Any CPU = Release|Any CPU
	EndGlobalSection
	GlobalSection(ProjectConfigurationPlatforms) = postSolution
		{3626D8C9-E31E-4927-B8E3-5AA522F43DBB}.Debug|Any CPU.ActiveCfg = Debug|Any CPU
		{3626D8C9-E31E-4927-B8E3-5AA522F43DBB}.Debug|Any CPU.Build.0 = Debug|Any CPU
		{3626D8C9-E31E-4927-B8E3-5AA522F43DBB}.Release|Any CPU.ActiveCfg = Release|Any CPU
		{3626D8C9-E31E-4927-B8E3-5AA522F43DBB}.Release|Any CPU.Build.0 = Release|Any CPU
		{DC8F633F-4AE8-4517-A340-40610DF8D6AF}.Debug|Any CPU.ActiveCfg = Debug|Any CPU
		{DC8F633F-4AE8-4517-A340-40610DF8D6AF}.Debug|Any CPU.Build.0 = Debug|Any CPU
		{DC8F633F-4AE8-4517-A340-40610DF8D6AF}.Release|Any CPU.ActiveCfg = Release|Any CPU
		{DC8F633F-4AE8-4517-A340-40610DF8D6AF}.Release|Any CPU.Build.0 = Release|Any CPU
	EndGlobalSection
	GlobalSection(SolutionProperties) = preSolution
		HideSolutionNode = FALSE
	EndGlobalSection
EndGlobal
